
Microsoft Visual Studio Solution File, Format Version 12.00
# Visual Studio Version 16
VisualStudioVersion = 16.0.29709.97
MinimumVisualStudioVersion = 10.0.40219.1
Project("{FAE04EC0-301F-11D3-BF4B-00C04F79EFBC}") = "WindowsFormsApp1", "WindowsFormsApp1\WindowsFormsApp1.csproj", "{C0E42479-655C-4FF6-9147-059B212AC78D}"
EndProject
Global
	GlobalSection(SolutionConfigurationPlatforms) = preSolution
		Debug|Any CPU = Debug|Any CPU
		Release|Any CPU = Release|Any CPU
	EndGlobalSection
	GlobalSection(ProjectConfigurationPlatforms) = postSolution
		{C0E42479-655C-4FF6-9147-059B212AC78D}.Debug|Any CPU.ActiveCfg = Debug|Any CPU
		{C0E42479-655C-4FF6-9147-059B212AC78D}.Debug|Any CPU.Build.0 = Debug|Any CPU
		{C0E42479-655C-4FF6-9147-059B212AC78D}.Release|Any CPU.ActiveCfg = Release|Any CPU
		{C0E42479-655C-4FF6-9147-059B212AC78D}.Release|Any CPU.Build.0 = Release|Any CPU
	EndGlobalSection
	GlobalSection(SolutionProperties) = preSolution
		HideSolutionNode = FALSE
	EndGlobalSection
	GlobalSection(ExtensibilityGlobals) = postSolution
		SolutionGuid = {09A95BAE-E971-476A-8C59-53656DFA93FF}
	EndGlobalSection
EndGlobal
